{
  "name": "stackcode",
  "version": "1.0.0",
  "lockfileVersion": 3,
  "requires": true,
  "packages": {
    "": {
      "name": "stackcode",
      "version": "1.0.0",
      "license": "MIT",
      "workspaces": [
        "packages/*"
      ]
    },
    "node_modules/cli": {
      "resolved": "packages/cli",
      "link": true
    },
    "node_modules/core": {
      "resolved": "packages/core",
      "link": true
    },
    "node_modules/vscode-extension": {
      "resolved": "packages/vscode-extension",
      "link": true
    },
    "packages/cli": {
      "version": "1.0.0",
      "license": "ISC"
    },
    "packages/core": {
      "version": "1.0.0",
      "license": "ISC"
    },
    "packages/vscode-extension": {
      "version": "1.0.0",
      "license": "ISC"
    }
  }
}
